// !$*UTF8*$!
{
	archiveVersion = 1;
	classes = {
	};
	objectVersion = 55;
	objects = {

/* Begin PBXBuildFile section */
		195835072837ED8D00881885 /* AppDelegate.swift in Sources */ = {isa = PBXBuildFile; fileRef = 195835062837ED8D00881885 /* AppDelegate.swift */; };
		195835092837ED8D00881885 /* SceneDelegate.swift in Sources */ = {isa = PBXBuildFile; fileRef = 195835082837ED8D00881885 /* SceneDelegate.swift */; };
		1958350B2837ED8D00881885 /* ViewController.swift in Sources */ = {isa = PBXBuildFile; fileRef = 1958350A2837ED8D00881885 /* ViewController.swift */; };
		195835102837ED8F00881885 /* Assets.xcassets in Resources */ = {isa = PBXBuildFile; fileRef = 1958350F2837ED8F00881885 /* Assets.xcassets */; };
		195835132837ED8F00881885 /* LaunchScreen.storyboard in Resources */ = {isa = PBXBuildFile; fileRef = 195835112837ED8F00881885 /* LaunchScreen.storyboard */; };
		196A0C6228414F5200A0E381 /* RecoveryPhraseViewController.swift in Sources */ = {isa = PBXBuildFile; fileRef = 196A0C6128414F5200A0E381 /* RecoveryPhraseViewController.swift */; };
		196A0C642841521E00A0E381 /* PhraseWordCollectionViewCell.swift in Sources */ = {isa = PBXBuildFile; fileRef = 196A0C632841521E00A0E381 /* PhraseWordCollectionViewCell.swift */; };
		196A0C68284152A900A0E381 /* ConfirmRecoveryPhraseViewController.swift in Sources */ = {isa = PBXBuildFile; fileRef = 196A0C67284152A900A0E381 /* ConfirmRecoveryPhraseViewController.swift */; };
		196A0C6C2841559B00A0E381 /* MDCTextField+Extension.swift in Sources */ = {isa = PBXBuildFile; fileRef = 196A0C6B2841559B00A0E381 /* MDCTextField+Extension.swift */; };
		196A0C6E2841566200A0E381 /* UIColor+Extension.swift in Sources */ = {isa = PBXBuildFile; fileRef = 196A0C6D2841566200A0E381 /* UIColor+Extension.swift */; };
		196A0C712841581000A0E381 /* UIButton+Extension.swift in Sources */ = {isa = PBXBuildFile; fileRef = 196A0C702841581000A0E381 /* UIButton+Extension.swift */; };
		196A0C732841622200A0E381 /* ConfirmCreateWalletViewController.swift in Sources */ = {isa = PBXBuildFile; fileRef = 196A0C722841622200A0E381 /* ConfirmCreateWalletViewController.swift */; };
		196A0C752841627E00A0E381 /* CheckmarkView.swift in Sources */ = {isa = PBXBuildFile; fileRef = 196A0C742841627E00A0E381 /* CheckmarkView.swift */; };
		196A0C782841650500A0E381 /* CheckmarkView.xib in Resources */ = {isa = PBXBuildFile; fileRef = 196A0C772841650500A0E381 /* CheckmarkView.xib */; };
		196A0C7B284254AE00A0E381 /* WalletTableViewCell.swift in Sources */ = {isa = PBXBuildFile; fileRef = 196A0C7A284254AE00A0E381 /* WalletTableViewCell.swift */; };
		196A0C7D28425DA000A0E381 /* WalletsViewController.swift in Sources */ = {isa = PBXBuildFile; fileRef = 196A0C7C28425DA000A0E381 /* WalletsViewController.swift */; };
		196A0C802844049B00A0E381 /* RestoreWallet.storyboard in Resources */ = {isa = PBXBuildFile; fileRef = 196A0C7F2844049B00A0E381 /* RestoreWallet.storyboard */; };
		196A0C822844058A00A0E381 /* EnglishMnemonics.swift in Sources */ = {isa = PBXBuildFile; fileRef = 196A0C812844058A00A0E381 /* EnglishMnemonics.swift */; };
		196A0C84284405D100A0E381 /* PhraseRestoreWalletViewController.swift in Sources */ = {isa = PBXBuildFile; fileRef = 196A0C83284405D100A0E381 /* PhraseRestoreWalletViewController.swift */; };
		196A0C86284406BE00A0E381 /* String+Extension.swift in Sources */ = {isa = PBXBuildFile; fileRef = 196A0C85284406BE00A0E381 /* String+Extension.swift */; };
		196A0C882844070000A0E381 /* VerifyRestoredWalletViewController.swift in Sources */ = {isa = PBXBuildFile; fileRef = 196A0C872844070000A0E381 /* VerifyRestoredWalletViewController.swift */; };
		196A0C8A2844077200A0E381 /* AddressTableViewCell.swift in Sources */ = {isa = PBXBuildFile; fileRef = 196A0C892844077200A0E381 /* AddressTableViewCell.swift */; };
		196A0C8C284407CC00A0E381 /* CALayer+Extension.swift in Sources */ = {isa = PBXBuildFile; fileRef = 196A0C8B284407CC00A0E381 /* CALayer+Extension.swift */; };
		196A0C8F2844089300A0E381 /* NewCredentialsRestoreWalletViewController.swift in Sources */ = {isa = PBXBuildFile; fileRef = 196A0C8E2844089300A0E381 /* NewCredentialsRestoreWalletViewController.swift */; };
		196A0C9128440C5500A0E381 /* WalletOnboarding.storyboard in Resources */ = {isa = PBXBuildFile; fileRef = 196A0C9028440C5500A0E381 /* WalletOnboarding.storyboard */; };
		19C504992841288500AA964C /* CreateWallet.storyboard in Resources */ = {isa = PBXBuildFile; fileRef = 19C504982841288500AA964C /* CreateWallet.storyboard */; };
		19C5049B284128A800AA964C /* CreateWalletViewController.swift in Sources */ = {isa = PBXBuildFile; fileRef = 19C5049A284128A800AA964C /* CreateWalletViewController.swift */; };
		2843F91D54B23A2671581231 /* Pods_Ethereum_Wallet.framework in Frameworks */ = {isa = PBXBuildFile; fileRef = 894F1A74E3AD295DD477F65A /* Pods_Ethereum_Wallet.framework */; };
/* End PBXBuildFile section */

/* Begin PBXFileReference section */
		195835032837ED8D00881885 /* Ethereum Wallet.app */ = {isa = PBXFileReference; explicitFileType = wrapper.application; includeInIndex = 0; path = "Ethereum Wallet.app"; sourceTree = BUILT_PRODUCTS_DIR; };
		195835062837ED8D00881885 /* AppDelegate.swift */ = {isa = PBXFileReference; lastKnownFileType = sourcecode.swift; path = AppDelegate.swift; sourceTree = "<group>"; };
		195835082837ED8D00881885 /* SceneDelegate.swift */ = {isa = PBXFileReference; lastKnownFileType = sourcecode.swift; path = SceneDelegate.swift; sourceTree = "<group>"; };
		1958350A2837ED8D00881885 /* ViewController.swift */ = {isa = PBXFileReference; lastKnownFileType = sourcecode.swift; path = ViewController.swift; sourceTree = "<group>"; };
		1958350F2837ED8F00881885 /* Assets.xcassets */ = {isa = PBXFileReference; lastKnownFileType = folder.assetcatalog; path = Assets.xcassets; sourceTree = "<group>"; };
		195835122837ED8F00881885 /* Base */ = {isa = PBXFileReference; lastKnownFileType = file.storyboard; name = Base; path = Base.lproj/LaunchScreen.storyboard; sourceTree = "<group>"; };
		195835142837ED8F00881885 /* Info.plist */ = {isa = PBXFileReference; lastKnownFileType = text.plist.xml; path = Info.plist; sourceTree = "<group>"; };
		196A0C6128414F5200A0E381 /* RecoveryPhraseViewController.swift */ = {isa = PBXFileReference; lastKnownFileType = sourcecode.swift; path = RecoveryPhraseViewController.swift; sourceTree = "<group>"; };
		196A0C632841521E00A0E381 /* PhraseWordCollectionViewCell.swift */ = {isa = PBXFileReference; lastKnownFileType = sourcecode.swift; path = PhraseWordCollectionViewCell.swift; sourceTree = "<group>"; };
		196A0C67284152A900A0E381 /* ConfirmRecoveryPhraseViewController.swift */ = {isa = PBXFileReference; lastKnownFileType = sourcecode.swift; path = ConfirmRecoveryPhraseViewController.swift; sourceTree = "<group>"; };
		196A0C6B2841559B00A0E381 /* MDCTextField+Extension.swift */ = {isa = PBXFileReference; lastKnownFileType = sourcecode.swift; path = "MDCTextField+Extension.swift"; sourceTree = "<group>"; };
		196A0C6D2841566200A0E381 /* UIColor+Extension.swift */ = {isa = PBXFileReference; lastKnownFileType = sourcecode.swift; path = "UIColor+Extension.swift"; sourceTree = "<group>"; };
		196A0C702841581000A0E381 /* UIButton+Extension.swift */ = {isa = PBXFileReference; lastKnownFileType = sourcecode.swift; path = "UIButton+Extension.swift"; sourceTree = "<group>"; };
		196A0C722841622200A0E381 /* ConfirmCreateWalletViewController.swift */ = {isa = PBXFileReference; lastKnownFileType = sourcecode.swift; path = ConfirmCreateWalletViewController.swift; sourceTree = "<group>"; };
		196A0C742841627E00A0E381 /* CheckmarkView.swift */ = {isa = PBXFileReference; lastKnownFileType = sourcecode.swift; path = CheckmarkView.swift; sourceTree = "<group>"; };
		196A0C772841650500A0E381 /* CheckmarkView.xib */ = {isa = PBXFileReference; fileEncoding = 4; lastKnownFileType = file.xib; path = CheckmarkView.xib; sourceTree = "<group>"; };
		196A0C7A284254AE00A0E381 /* WalletTableViewCell.swift */ = {isa = PBXFileReference; lastKnownFileType = sourcecode.swift; path = WalletTableViewCell.swift; sourceTree = "<group>"; };
		196A0C7C28425DA000A0E381 /* WalletsViewController.swift */ = {isa = PBXFileReference; lastKnownFileType = sourcecode.swift; path = WalletsViewController.swift; sourceTree = "<group>"; };
		196A0C7F2844049B00A0E381 /* RestoreWallet.storyboard */ = {isa = PBXFileReference; lastKnownFileType = file.storyboard; path = RestoreWallet.storyboard; sourceTree = "<group>"; };
		196A0C812844058A00A0E381 /* EnglishMnemonics.swift */ = {isa = PBXFileReference; lastKnownFileType = sourcecode.swift; path = EnglishMnemonics.swift; sourceTree = "<group>"; };
		196A0C83284405D100A0E381 /* PhraseRestoreWalletViewController.swift */ = {isa = PBXFileReference; lastKnownFileType = sourcecode.swift; path = PhraseRestoreWalletViewController.swift; sourceTree = "<group>"; };
		196A0C85284406BE00A0E381 /* String+Extension.swift */ = {isa = PBXFileReference; lastKnownFileType = sourcecode.swift; path = "String+Extension.swift"; sourceTree = "<group>"; };
		196A0C872844070000A0E381 /* VerifyRestoredWalletViewController.swift */ = {isa = PBXFileReference; lastKnownFileType = sourcecode.swift; path = VerifyRestoredWalletViewController.swift; sourceTree = "<group>"; };
		196A0C892844077200A0E381 /* AddressTableViewCell.swift */ = {isa = PBXFileReference; lastKnownFileType = sourcecode.swift; path = AddressTableViewCell.swift; sourceTree = "<group>"; };
		196A0C8B284407CC00A0E381 /* CALayer+Extension.swift */ = {isa = PBXFileReference; lastKnownFileType = sourcecode.swift; path = "CALayer+Extension.swift"; sourceTree = "<group>"; };
		196A0C8E2844089300A0E381 /* NewCredentialsRestoreWalletViewController.swift */ = {isa = PBXFileReference; lastKnownFileType = sourcecode.swift; path = NewCredentialsRestoreWalletViewController.swift; sourceTree = "<group>"; };
		196A0C9028440C5500A0E381 /* WalletOnboarding.storyboard */ = {isa = PBXFileReference; lastKnownFileType = file.storyboard; path = WalletOnboarding.storyboard; sourceTree = "<group>"; };
		19C504982841288500AA964C /* CreateWallet.storyboard */ = {isa = PBXFileReference; lastKnownFileType = file.storyboard; path = CreateWallet.storyboard; sourceTree = "<group>"; };
		19C5049A284128A800AA964C /* CreateWalletViewController.swift */ = {isa = PBXFileReference; lastKnownFileType = sourcecode.swift; path = CreateWalletViewController.swift; sourceTree = "<group>"; };
		2FE0C0DAF99E9185EA2E6B70 /* Pods-Ethereum Wallet.debug.xcconfig */ = {isa = PBXFileReference; includeInIndex = 1; lastKnownFileType = text.xcconfig; name = "Pods-Ethereum Wallet.debug.xcconfig"; path = "Target Support Files/Pods-Ethereum Wallet/Pods-Ethereum Wallet.debug.xcconfig"; sourceTree = "<group>"; };
		894F1A74E3AD295DD477F65A /* Pods_Ethereum_Wallet.framework */ = {isa = PBXFileReference; explicitFileType = wrapper.framework; includeInIndex = 0; path = Pods_Ethereum_Wallet.framework; sourceTree = BUILT_PRODUCTS_DIR; };
		DE18A3EB0011AEF8509DDBB8 /* Pods-Ethereum Wallet.release.xcconfig */ = {isa = PBXFileReference; includeInIndex = 1; lastKnownFileType = text.xcconfig; name = "Pods-Ethereum Wallet.release.xcconfig"; path = "Target Support Files/Pods-Ethereum Wallet/Pods-Ethereum Wallet.release.xcconfig"; sourceTree = "<group>"; };
/* End PBXFileReference section */

/* Begin PBXFrameworksBuildPhase section */
		195835002837ED8D00881885 /* Frameworks */ = {
			isa = PBXFrameworksBuildPhase;
			buildActionMask = 2147483647;
			files = (
				2843F91D54B23A2671581231 /* Pods_Ethereum_Wallet.framework in Frameworks */,
			);
			runOnlyForDeploymentPostprocessing = 0;
		};
/* End PBXFrameworksBuildPhase section */

/* Begin PBXGroup section */
		195834FA2837ED8D00881885 = {
			isa = PBXGroup;
			children = (
				195835052837ED8D00881885 /* Ethereum Wallet */,
				195835042837ED8D00881885 /* Products */,
				864046A1BAB4100739C3ACE9 /* Pods */,
				9E3F237D80CE927C5D12EF72 /* Frameworks */,
			);
			sourceTree = "<group>";
		};
		195835042837ED8D00881885 /* Products */ = {
			isa = PBXGroup;
			children = (
				195835032837ED8D00881885 /* Ethereum Wallet.app */,
			);
			name = Products;
			sourceTree = "<group>";
		};
		195835052837ED8D00881885 /* Ethereum Wallet */ = {
			isa = PBXGroup;
			children = (
				195835062837ED8D00881885 /* AppDelegate.swift */,
				195835082837ED8D00881885 /* SceneDelegate.swift */,
				1958350A2837ED8D00881885 /* ViewController.swift */,
				19D6A72228440FDA0069E84B /* Wallet Onboarding */,
				196A0C6A284152C600A0E381 /* Create Wallet */,
				196A0C8D2844082500A0E381 /* Restore Wallet */,
				196A0C762841628B00A0E381 /* Reusable */,
				196A0C6F2841576C00A0E381 /* Extensions */,
				1958350F2837ED8F00881885 /* Assets.xcassets */,
				195835112837ED8F00881885 /* LaunchScreen.storyboard */,
				195835142837ED8F00881885 /* Info.plist */,
			);
			path = "Ethereum Wallet";
			sourceTree = "<group>";
		};
		196A0C652841522400A0E381 /* Recovery Phrase */ = {
			isa = PBXGroup;
			children = (
				196A0C6128414F5200A0E381 /* RecoveryPhraseViewController.swift */,
				196A0C632841521E00A0E381 /* PhraseWordCollectionViewCell.swift */,
			);
			path = "Recovery Phrase";
			sourceTree = "<group>";
		};
		196A0C662841522D00A0E381 /* Create Wallet (Credentials) */ = {
			isa = PBXGroup;
			children = (
				19C5049A284128A800AA964C /* CreateWalletViewController.swift */,
			);
			path = "Create Wallet (Credentials)";
			sourceTree = "<group>";
		};
		196A0C69284152B700A0E381 /* Confirm Recovery Phrase */ = {
			isa = PBXGroup;
			children = (
				196A0C67284152A900A0E381 /* ConfirmRecoveryPhraseViewController.swift */,
			);
			path = "Confirm Recovery Phrase";
			sourceTree = "<group>";
		};
		196A0C6A284152C600A0E381 /* Create Wallet */ = {
			isa = PBXGroup;
			children = (
				196A0C662841522D00A0E381 /* Create Wallet (Credentials) */,
				196A0C652841522400A0E381 /* Recovery Phrase */,
				196A0C69284152B700A0E381 /* Confirm Recovery Phrase */,
				196A0C722841622200A0E381 /* ConfirmCreateWalletViewController.swift */,
				19C504982841288500AA964C /* CreateWallet.storyboard */,
			);
			path = "Create Wallet";
			sourceTree = "<group>";
		};
		196A0C6F2841576C00A0E381 /* Extensions */ = {
			isa = PBXGroup;
			children = (
				196A0C6B2841559B00A0E381 /* MDCTextField+Extension.swift */,
				196A0C6D2841566200A0E381 /* UIColor+Extension.swift */,
				196A0C702841581000A0E381 /* UIButton+Extension.swift */,
				196A0C8B284407CC00A0E381 /* CALayer+Extension.swift */,
				196A0C85284406BE00A0E381 /* String+Extension.swift */,
			);
			path = Extensions;
			sourceTree = "<group>";
		};
		196A0C762841628B00A0E381 /* Reusable */ = {
			isa = PBXGroup;
			children = (
				196A0C812844058A00A0E381 /* EnglishMnemonics.swift */,
				196A0C792841650E00A0E381 /* Checkmark */,
			);
			path = Reusable;
			sourceTree = "<group>";
		};
		196A0C792841650E00A0E381 /* Checkmark */ = {
			isa = PBXGroup;
			children = (
				196A0C772841650500A0E381 /* CheckmarkView.xib */,
				196A0C742841627E00A0E381 /* CheckmarkView.swift */,
			);
			path = Checkmark;
			sourceTree = "<group>";
		};
		196A0C8D2844082500A0E381 /* Restore Wallet */ = {
			isa = PBXGroup;
			children = (
				196A0C83284405D100A0E381 /* PhraseRestoreWalletViewController.swift */,
				196A0C872844070000A0E381 /* VerifyRestoredWalletViewController.swift */,
				196A0C892844077200A0E381 /* AddressTableViewCell.swift */,
				196A0C8E2844089300A0E381 /* NewCredentialsRestoreWalletViewController.swift */,
				196A0C7F2844049B00A0E381 /* RestoreWallet.storyboard */,
			);
			path = "Restore Wallet";
			sourceTree = "<group>";
		};
		19D6A72228440FDA0069E84B /* Wallet Onboarding */ = {
			isa = PBXGroup;
			children = (
				196A0C9028440C5500A0E381 /* WalletOnboarding.storyboard */,
				196A0C7C28425DA000A0E381 /* WalletsViewController.swift */,
				196A0C7A284254AE00A0E381 /* WalletTableViewCell.swift */,
			);
			path = "Wallet Onboarding";
			sourceTree = "<group>";
		};
		864046A1BAB4100739C3ACE9 /* Pods */ = {
			isa = PBXGroup;
			children = (
				2FE0C0DAF99E9185EA2E6B70 /* Pods-Ethereum Wallet.debug.xcconfig */,
				DE18A3EB0011AEF8509DDBB8 /* Pods-Ethereum Wallet.release.xcconfig */,
			);
			path = Pods;
			sourceTree = "<group>";
		};
		9E3F237D80CE927C5D12EF72 /* Frameworks */ = {
			isa = PBXGroup;
			children = (
				894F1A74E3AD295DD477F65A /* Pods_Ethereum_Wallet.framework */,
			);
			name = Frameworks;
			sourceTree = "<group>";
		};
/* End PBXGroup section */

/* Begin PBXNativeTarget section */
		195835022837ED8D00881885 /* Ethereum Wallet */ = {
			isa = PBXNativeTarget;
			buildConfigurationList = 195835172837ED8F00881885 /* Build configuration list for PBXNativeTarget "Ethereum Wallet" */;
			buildPhases = (
				200F95C7B8296E540D5F042D /* [CP] Check Pods Manifest.lock */,
				195834FF2837ED8D00881885 /* Sources */,
				195835002837ED8D00881885 /* Frameworks */,
				195835012837ED8D00881885 /* Resources */,
				B435DC8A6FE38C7C0CB3C8A8 /* [CP] Embed Pods Frameworks */,
			);
			buildRules = (
			);
			dependencies = (
			);
			name = "Ethereum Wallet";
			productName = "Ethereum Wallet";
			productReference = 195835032837ED8D00881885 /* Ethereum Wallet.app */;
			productType = "com.apple.product-type.application";
		};
/* End PBXNativeTarget section */

/* Begin PBXProject section */
		195834FB2837ED8D00881885 /* Project object */ = {
			isa = PBXProject;
			attributes = {
				BuildIndependentTargetsInParallel = 1;
				LastSwiftUpdateCheck = 1330;
				LastUpgradeCheck = 1330;
				TargetAttributes = {
					195835022837ED8D00881885 = {
						CreatedOnToolsVersion = 13.3;
					};
				};
			};
			buildConfigurationList = 195834FE2837ED8D00881885 /* Build configuration list for PBXProject "Ethereum Wallet" */;
			compatibilityVersion = "Xcode 13.0";
			developmentRegion = en;
			hasScannedForEncodings = 0;
			knownRegions = (
				en,
				Base,
			);
			mainGroup = 195834FA2837ED8D00881885;
			productRefGroup = 195835042837ED8D00881885 /* Products */;
			projectDirPath = "";
			projectRoot = "";
			targets = (
				195835022837ED8D00881885 /* Ethereum Wallet */,
			);
		};
/* End PBXProject section */

/* Begin PBXResourcesBuildPhase section */
		195835012837ED8D00881885 /* Resources */ = {
			isa = PBXResourcesBuildPhase;
			buildActionMask = 2147483647;
			files = (
				196A0C782841650500A0E381 /* CheckmarkView.xib in Resources */,
				196A0C9128440C5500A0E381 /* WalletOnboarding.storyboard in Resources */,
				195835132837ED8F00881885 /* LaunchScreen.storyboard in Resources */,
				195835102837ED8F00881885 /* Assets.xcassets in Resources */,
				196A0C802844049B00A0E381 /* RestoreWallet.storyboard in Resources */,
				19C504992841288500AA964C /* CreateWallet.storyboard in Resources */,
			);
			runOnlyForDeploymentPostprocessing = 0;
		};
/* End PBXResourcesBuildPhase section */

/* Begin PBXShellScriptBuildPhase section */
		200F95C7B8296E540D5F042D /* [CP] Check Pods Manifest.lock */ = {
			isa = PBXShellScriptBuildPhase;
			buildActionMask = 2147483647;
			files = (
			);
			inputFileListPaths = (
			);
			inputPaths = (
				"${PODS_PODFILE_DIR_PATH}/Podfile.lock",
				"${PODS_ROOT}/Manifest.lock",
			);
			name = "[CP] Check Pods Manifest.lock";
			outputFileListPaths = (
			);
			outputPaths = (
				"$(DERIVED_FILE_DIR)/Pods-Ethereum Wallet-checkManifestLockResult.txt",
			);
			runOnlyForDeploymentPostprocessing = 0;
			shellPath = /bin/sh;
			shellScript = "diff \"${PODS_PODFILE_DIR_PATH}/Podfile.lock\" \"${PODS_ROOT}/Manifest.lock\" > /dev/null\nif [ $? != 0 ] ; then\n    # print error to STDERR\n    echo \"error: The sandbox is not in sync with the Podfile.lock. Run 'pod install' or update your CocoaPods installation.\" >&2\n    exit 1\nfi\n# This output is used by Xcode 'outputs' to avoid re-running this script phase.\necho \"SUCCESS\" > \"${SCRIPT_OUTPUT_FILE_0}\"\n";
			showEnvVarsInLog = 0;
		};
		B435DC8A6FE38C7C0CB3C8A8 /* [CP] Embed Pods Frameworks */ = {
			isa = PBXShellScriptBuildPhase;
			buildActionMask = 2147483647;
			files = (
			);
			inputFileListPaths = (
				"${PODS_ROOT}/Target Support Files/Pods-Ethereum Wallet/Pods-Ethereum Wallet-frameworks-${CONFIGURATION}-input-files.xcfilelist",
			);
			name = "[CP] Embed Pods Frameworks";
			outputFileListPaths = (
				"${PODS_ROOT}/Target Support Files/Pods-Ethereum Wallet/Pods-Ethereum Wallet-frameworks-${CONFIGURATION}-output-files.xcfilelist",
			);
			runOnlyForDeploymentPostprocessing = 0;
			shellPath = /bin/sh;
			shellScript = "\"${PODS_ROOT}/Target Support Files/Pods-Ethereum Wallet/Pods-Ethereum Wallet-frameworks.sh\"\n";
			showEnvVarsInLog = 0;
		};
/* End PBXShellScriptBuildPhase section */

/* Begin PBXSourcesBuildPhase section */
		195834FF2837ED8D00881885 /* Sources */ = {
			isa = PBXSourcesBuildPhase;
			buildActionMask = 2147483647;
			files = (
				196A0C6228414F5200A0E381 /* RecoveryPhraseViewController.swift in Sources */,
				196A0C84284405D100A0E381 /* PhraseRestoreWalletViewController.swift in Sources */,
				196A0C822844058A00A0E381 /* EnglishMnemonics.swift in Sources */,
				19C5049B284128A800AA964C /* CreateWalletViewController.swift in Sources */,
				1958350B2837ED8D00881885 /* ViewController.swift in Sources */,
				196A0C712841581000A0E381 /* UIButton+Extension.swift in Sources */,
				196A0C8F2844089300A0E381 /* NewCredentialsRestoreWalletViewController.swift in Sources */,
				196A0C882844070000A0E381 /* VerifyRestoredWalletViewController.swift in Sources */,
				196A0C8C284407CC00A0E381 /* CALayer+Extension.swift in Sources */,
				196A0C732841622200A0E381 /* ConfirmCreateWalletViewController.swift in Sources */,
				196A0C6E2841566200A0E381 /* UIColor+Extension.swift in Sources */,
				196A0C86284406BE00A0E381 /* String+Extension.swift in Sources */,
				196A0C8A2844077200A0E381 /* AddressTableViewCell.swift in Sources */,
				195835072837ED8D00881885 /* AppDelegate.swift in Sources */,
				196A0C6C2841559B00A0E381 /* MDCTextField+Extension.swift in Sources */,
				195835092837ED8D00881885 /* SceneDelegate.swift in Sources */,
				196A0C7B284254AE00A0E381 /* WalletTableViewCell.swift in Sources */,
				196A0C642841521E00A0E381 /* PhraseWordCollectionViewCell.swift in Sources */,
				196A0C752841627E00A0E381 /* CheckmarkView.swift in Sources */,
				196A0C68284152A900A0E381 /* ConfirmRecoveryPhraseViewController.swift in Sources */,
				196A0C7D28425DA000A0E381 /* WalletsViewController.swift in Sources */,
			);
			runOnlyForDeploymentPostprocessing = 0;
		};
/* End PBXSourcesBuildPhase section */

/* Begin PBXVariantGroup section */
		195835112837ED8F00881885 /* LaunchScreen.storyboard */ = {
			isa = PBXVariantGroup;
			children = (
				195835122837ED8F00881885 /* Base */,
			);
			name = LaunchScreen.storyboard;
			sourceTree = "<group>";
		};
/* End PBXVariantGroup section */

/* Begin XCBuildConfiguration section */
		195835152837ED8F00881885 /* Debug */ = {
			isa = XCBuildConfiguration;
			buildSettings = {
				ALWAYS_SEARCH_USER_PATHS = NO;
				CLANG_ANALYZER_NONNULL = YES;
				CLANG_ANALYZER_NUMBER_OBJECT_CONVERSION = YES_AGGRESSIVE;
				CLANG_CXX_LANGUAGE_STANDARD = "gnu++17";
				CLANG_ENABLE_MODULES = YES;
				CLANG_ENABLE_OBJC_ARC = YES;
				CLANG_ENABLE_OBJC_WEAK = YES;
				CLANG_WARN_BLOCK_CAPTURE_AUTORELEASING = YES;
				CLANG_WARN_BOOL_CONVERSION = YES;
				CLANG_WARN_COMMA = YES;
				CLANG_WARN_CONSTANT_CONVERSION = YES;
				CLANG_WARN_DEPRECATED_OBJC_IMPLEMENTATIONS = YES;
				CLANG_WARN_DIRECT_OBJC_ISA_USAGE = YES_ERROR;
				CLANG_WARN_DOCUMENTATION_COMMENTS = YES;
				CLANG_WARN_EMPTY_BODY = YES;
				CLANG_WARN_ENUM_CONVERSION = YES;
				CLANG_WARN_INFINITE_RECURSION = YES;
				CLANG_WARN_INT_CONVERSION = YES;
				CLANG_WARN_NON_LITERAL_NULL_CONVERSION = YES;
				CLANG_WARN_OBJC_IMPLICIT_RETAIN_SELF = YES;
				CLANG_WARN_OBJC_LITERAL_CONVERSION = YES;
				CLANG_WARN_OBJC_ROOT_CLASS = YES_ERROR;
				CLANG_WARN_QUOTED_INCLUDE_IN_FRAMEWORK_HEADER = YES;
				CLANG_WARN_RANGE_LOOP_ANALYSIS = YES;
				CLANG_WARN_STRICT_PROTOTYPES = YES;
				CLANG_WARN_SUSPICIOUS_MOVE = YES;
				CLANG_WARN_UNGUARDED_AVAILABILITY = YES_AGGRESSIVE;
				CLANG_WARN_UNREACHABLE_CODE = YES;
				CLANG_WARN__DUPLICATE_METHOD_MATCH = YES;
				COPY_PHASE_STRIP = NO;
				DEBUG_INFORMATION_FORMAT = dwarf;
				ENABLE_STRICT_OBJC_MSGSEND = YES;
				ENABLE_TESTABILITY = YES;
				GCC_C_LANGUAGE_STANDARD = gnu11;
				GCC_DYNAMIC_NO_PIC = NO;
				GCC_NO_COMMON_BLOCKS = YES;
				GCC_OPTIMIZATION_LEVEL = 0;
				GCC_PREPROCESSOR_DEFINITIONS = (
					"DEBUG=1",
					"$(inherited)",
				);
				GCC_WARN_64_TO_32_BIT_CONVERSION = YES;
				GCC_WARN_ABOUT_RETURN_TYPE = YES_ERROR;
				GCC_WARN_UNDECLARED_SELECTOR = YES;
				GCC_WARN_UNINITIALIZED_AUTOS = YES_AGGRESSIVE;
				GCC_WARN_UNUSED_FUNCTION = YES;
				GCC_WARN_UNUSED_VARIABLE = YES;
				IPHONEOS_DEPLOYMENT_TARGET = 15.4;
				MTL_ENABLE_DEBUG_INFO = INCLUDE_SOURCE;
				MTL_FAST_MATH = YES;
				ONLY_ACTIVE_ARCH = YES;
				SDKROOT = iphoneos;
				SWIFT_ACTIVE_COMPILATION_CONDITIONS = DEBUG;
				SWIFT_OPTIMIZATION_LEVEL = "-Onone";
			};
			name = Debug;
		};
		195835162837ED8F00881885 /* Release */ = {
			isa = XCBuildConfiguration;
			buildSettings = {
				ALWAYS_SEARCH_USER_PATHS = NO;
				CLANG_ANALYZER_NONNULL = YES;
				CLANG_ANALYZER_NUMBER_OBJECT_CONVERSION = YES_AGGRESSIVE;
				CLANG_CXX_LANGUAGE_STANDARD = "gnu++17";
				CLANG_ENABLE_MODULES = YES;
				CLANG_ENABLE_OBJC_ARC = YES;
				CLANG_ENABLE_OBJC_WEAK = YES;
				CLANG_WARN_BLOCK_CAPTURE_AUTORELEASING = YES;
				CLANG_WARN_BOOL_CONVERSION = YES;
				CLANG_WARN_COMMA = YES;
				CLANG_WARN_CONSTANT_CONVERSION = YES;
				CLANG_WARN_DEPRECATED_OBJC_IMPLEMENTATIONS = YES;
				CLANG_WARN_DIRECT_OBJC_ISA_USAGE = YES_ERROR;
				CLANG_WARN_DOCUMENTATION_COMMENTS = YES;
				CLANG_WARN_EMPTY_BODY = YES;
				CLANG_WARN_ENUM_CONVERSION = YES;
				CLANG_WARN_INFINITE_RECURSION = YES;
				CLANG_WARN_INT_CONVERSION = YES;
				CLANG_WARN_NON_LITERAL_NULL_CONVERSION = YES;
				CLANG_WARN_OBJC_IMPLICIT_RETAIN_SELF = YES;
				CLANG_WARN_OBJC_LITERAL_CONVERSION = YES;
				CLANG_WARN_OBJC_ROOT_CLASS = YES_ERROR;
				CLANG_WARN_QUOTED_INCLUDE_IN_FRAMEWORK_HEADER = YES;
				CLANG_WARN_RANGE_LOOP_ANALYSIS = YES;
				CLANG_WARN_STRICT_PROTOTYPES = YES;
				CLANG_WARN_SUSPICIOUS_MOVE = YES;
				CLANG_WARN_UNGUARDED_AVAILABILITY = YES_AGGRESSIVE;
				CLANG_WARN_UNREACHABLE_CODE = YES;
				CLANG_WARN__DUPLICATE_METHOD_MATCH = YES;
				COPY_PHASE_STRIP = NO;
				DEBUG_INFORMATION_FORMAT = "dwarf-with-dsym";
				ENABLE_NS_ASSERTIONS = NO;
				ENABLE_STRICT_OBJC_MSGSEND = YES;
				GCC_C_LANGUAGE_STANDARD = gnu11;
				GCC_NO_COMMON_BLOCKS = YES;
				GCC_WARN_64_TO_32_BIT_CONVERSION = YES;
				GCC_WARN_ABOUT_RETURN_TYPE = YES_ERROR;
				GCC_WARN_UNDECLARED_SELECTOR = YES;
				GCC_WARN_UNINITIALIZED_AUTOS = YES_AGGRESSIVE;
				GCC_WARN_UNUSED_FUNCTION = YES;
				GCC_WARN_UNUSED_VARIABLE = YES;
				IPHONEOS_DEPLOYMENT_TARGET = 15.4;
				MTL_ENABLE_DEBUG_INFO = NO;
				MTL_FAST_MATH = YES;
				SDKROOT = iphoneos;
				SWIFT_COMPILATION_MODE = wholemodule;
				SWIFT_OPTIMIZATION_LEVEL = "-O";
				VALIDATE_PRODUCT = YES;
			};
			name = Release;
		};
		195835182837ED8F00881885 /* Debug */ = {
			isa = XCBuildConfiguration;
			baseConfigurationReference = 2FE0C0DAF99E9185EA2E6B70 /* Pods-Ethereum Wallet.debug.xcconfig */;
			buildSettings = {
				ASSETCATALOG_COMPILER_APPICON_NAME = AppIcon;
				ASSETCATALOG_COMPILER_GLOBAL_ACCENT_COLOR_NAME = AccentColor;
				CODE_SIGN_STYLE = Automatic;
				CURRENT_PROJECT_VERSION = 1;
				DEVELOPMENT_TEAM = 392NZUSY8M;
				GENERATE_INFOPLIST_FILE = YES;
				INFOPLIST_FILE = "Ethereum Wallet/Info.plist";
				INFOPLIST_KEY_UIApplicationSupportsIndirectInputEvents = YES;
				INFOPLIST_KEY_UILaunchStoryboardName = LaunchScreen;
				INFOPLIST_KEY_UIMainStoryboardFile = WalletOnboarding;
				INFOPLIST_KEY_UISupportedInterfaceOrientations = UIInterfaceOrientationPortrait;
				INFOPLIST_KEY_UISupportedInterfaceOrientations_iPad = "UIInterfaceOrientationPortrait UIInterfaceOrientationPortraitUpsideDown UIInterfaceOrientationLandscapeLeft UIInterfaceOrientationLandscapeRight";
				INFOPLIST_KEY_UISupportedInterfaceOrientations_iPhone = "UIInterfaceOrientationPortrait UIInterfaceOrientationLandscapeLeft UIInterfaceOrientationLandscapeRight";
				LD_RUNPATH_SEARCH_PATHS = (
					"$(inherited)",
					"@executable_path/Frameworks",
				);
				MARKETING_VERSION = 1.0;
				PRODUCT_BUNDLE_IDENTIFIER = "Emin-Emini.Ethereum-Wallet";
				PRODUCT_NAME = "$(TARGET_NAME)";
				SWIFT_EMIT_LOC_STRINGS = YES;
				SWIFT_VERSION = 5.0;
				TARGETED_DEVICE_FAMILY = "1,2";
			};
			name = Debug;
		};
		195835192837ED8F00881885 /* Release */ = {
			isa = XCBuildConfiguration;
			baseConfigurationReference = DE18A3EB0011AEF8509DDBB8 /* Pods-Ethereum Wallet.release.xcconfig */;
			buildSettings = {
				ASSETCATALOG_COMPILER_APPICON_NAME = AppIcon;
				ASSETCATALOG_COMPILER_GLOBAL_ACCENT_COLOR_NAME = AccentColor;
				CODE_SIGN_STYLE = Automatic;
				CURRENT_PROJECT_VERSION = 1;
				DEVELOPMENT_TEAM = 392NZUSY8M;
				GENERATE_INFOPLIST_FILE = YES;
				INFOPLIST_FILE = "Ethereum Wallet/Info.plist";
				INFOPLIST_KEY_UIApplicationSupportsIndirectInputEvents = YES;
				INFOPLIST_KEY_UILaunchStoryboardName = LaunchScreen;
				INFOPLIST_KEY_UIMainStoryboardFile = WalletOnboarding;
				INFOPLIST_KEY_UISupportedInterfaceOrientations = UIInterfaceOrientationPortrait;
				INFOPLIST_KEY_UISupportedInterfaceOrientations_iPad = "UIInterfaceOrientationPortrait UIInterfaceOrientationPortraitUpsideDown UIInterfaceOrientationLandscapeLeft UIInterfaceOrientationLandscapeRight";
				INFOPLIST_KEY_UISupportedInterfaceOrientations_iPhone = "UIInterfaceOrientationPortrait UIInterfaceOrientationLandscapeLeft UIInterfaceOrientationLandscapeRight";
				LD_RUNPATH_SEARCH_PATHS = (
					"$(inherited)",
					"@executable_path/Frameworks",
				);
				MARKETING_VERSION = 1.0;
				PRODUCT_BUNDLE_IDENTIFIER = "Emin-Emini.Ethereum-Wallet";
				PRODUCT_NAME = "$(TARGET_NAME)";
				SWIFT_EMIT_LOC_STRINGS = YES;
				SWIFT_VERSION = 5.0;
				TARGETED_DEVICE_FAMILY = "1,2";
			};
			name = Release;
		};
/* End XCBuildConfiguration section */

/* Begin XCConfigurationList section */
		195834FE2837ED8D00881885 /* Build configuration list for PBXProject "Ethereum Wallet" */ = {
			isa = XCConfigurationList;
			buildConfigurations = (
				195835152837ED8F00881885 /* Debug */,
				195835162837ED8F00881885 /* Release */,
			);
			defaultConfigurationIsVisible = 0;
			defaultConfigurationName = Release;
		};
		195835172837ED8F00881885 /* Build configuration list for PBXNativeTarget "Ethereum Wallet" */ = {
			isa = XCConfigurationList;
			buildConfigurations = (
				195835182837ED8F00881885 /* Debug */,
				195835192837ED8F00881885 /* Release */,
			);
			defaultConfigurationIsVisible = 0;
			defaultConfigurationName = Release;
		};
/* End XCConfigurationList section */
	};
	rootObject = 195834FB2837ED8D00881885 /* Project object */;
}
